
Microsoft Visual Studio Solution File, Format Version 12.00
# Visual Studio 14
VisualStudioVersion = 14.0.25420.1
MinimumVisualStudioVersion = 10.0.40219.1
Project("{FAE04EC0-301F-11D3-BF4B-00C04F79EFBC}") = "HowToDocX", "HowToDocX\HowToDocX.csproj", "{53ED402F-C977-483A-93DB-5DD2F4B13C19}"
EndProject
Project("{FAE04EC0-301F-11D3-BF4B-00C04F79EFBC}") = "HowToExcel", "HowToExcel\HowToExcel.csproj", "{1A10CC66-FFC6-4C29-A1AB-A6BE58DF64DF}"
EndProject
Project("{FAE04EC0-301F-11D3-BF4B-00C04F79EFBC}") = "HowToAudiTrail", "HowToAudiTrail\HowToAudiTrail.csproj", "{A18901E4-7BB4-44CF-8CBE-FA640E89BB32}"
EndProject
Project("{FAE04EC0-301F-11D3-BF4B-00C04F79EFBC}") = "ConsoleApplication1", "ConsoleApplication1\ConsoleApplication1.csproj", "{F0797218-745D-4378-A329-BE57A21047AA}"
EndProject
Project("{FAE04EC0-301F-11D3-BF4B-00C04F79EFBC}") = "HowToDI", "HowToDI\HowToDI.csproj", "{C669EAE0-2D5E-42DE-80CC-C0F3BBD16768}"
EndProject
Project("{2150E333-8FDC-42A3-9474-1A3956D46DE8}") = "SignalR", "SignalR", "{7165D794-6B1E-4CE7-B447-1F20FEDA27B2}"
EndProject
Project("{FAE04EC0-301F-11D3-BF4B-00C04F79EFBC}") = "AngChat", "SignalR\AngChat\AngChat.csproj", "{78AB30F9-EFBD-4B95-9DCE-20667107B1FA}"
EndProject
Project("{2150E333-8FDC-42A3-9474-1A3956D46DE8}") = "Bootstrap", "Bootstrap", "{F6E6A31A-8090-4A30-A52B-997B801F798A}"
EndProject
Project("{FAE04EC0-301F-11D3-BF4B-00C04F79EFBC}") = "FirstClass", "Bootstrap\FirstClass\FirstClass.csproj", "{3E836B16-27F2-49E4-B905-5E1AD294B19F}"
EndProject
Project("{FAE04EC0-301F-11D3-BF4B-00C04F79EFBC}") = "ChatRoom", "SignalR\ChatRoom\ChatRoom.csproj", "{EA437011-8E27-4F92-89DF-E96037FA8B47}"
EndProject
Project("{2150E333-8FDC-42A3-9474-1A3956D46DE8}") = "Angular", "Angular", "{BD471B63-81D8-4BC1-A9A2-7C665A69688F}"
EndProject
Project("{2150E333-8FDC-42A3-9474-1A3956D46DE8}") = "CoreOne", "CoreOne", "{DCDC7995-F3C3-48AB-B01F-FD8C2D959AA9}"
EndProject
Project("{8BB2217D-0F2D-49D1-97BC-3654ED321F3B}") = "UndoRedo", "CoreOne\UndoRedo\UndoRedo.xproj", "{A6C70197-02A2-4577-9E05-F88B247398EE}"
EndProject
Project("{2150E333-8FDC-42A3-9474-1A3956D46DE8}") = "RealTime", "RealTime", "{78DE20CF-3F44-4183-9F4F-A19F088B9B4C}"
EndProject
Project("{FAE04EC0-301F-11D3-BF4B-00C04F79EFBC}") = "SignalROne", "RealTime\SignalROne\SignalROne.csproj", "{E6C077F4-9762-4A93-AAD7-049E1D9872ED}"
EndProject
Project("{2150E333-8FDC-42A3-9474-1A3956D46DE8}") = "SSRS", "SSRS", "{C71B5652-561B-4349-B893-4FBE6CAFB54C}"
EndProject
Project("{F14B399A-7131-4C87-9E4B-1186C45EF12D}") = "Tutorial1", "SSRS\Tutorial1\Tutorial1.rptproj", "{BDA1FA7A-B0CD-40C1-B7B2-AF0616F541FB}"
EndProject
Project("{8BB2217D-0F2D-49D1-97BC-3654ED321F3B}") = "PartyInvites", "CoreOne\PartyInvites\PartyInvites.xproj", "{FB07F191-4A73-43DA-B570-D011C446EF19}"
EndProject
Project("{FAE04EC0-301F-11D3-BF4B-00C04F79EFBC}") = "BuildLinks", "MVC5\BuildLinks\BuildLinks.csproj", "{C9A38646-2536-4B19-B836-F6F2C34E22D5}"
EndProject
Project("{2150E333-8FDC-42A3-9474-1A3956D46DE8}") = "MVC5", "MVC5", "{628DB0F4-F2F9-4ECD-B02C-9AD63F63756C}"
EndProject
Project("{8BB2217D-0F2D-49D1-97BC-3654ED321F3B}") = "Tam.Core.Controls", "CoreOne\Tam.Core.Controls\Tam.Core.Controls.xproj", "{BDE4EA1F-3AD3-4460-9E03-E5AD2471A961}"
EndProject
Global
	GlobalSection(SolutionConfigurationPlatforms) = preSolution
		Debug|Any CPU = Debug|Any CPU
		DebugLocal|Any CPU = DebugLocal|Any CPU
		Release|Any CPU = Release|Any CPU
	EndGlobalSection
	GlobalSection(ProjectConfigurationPlatforms) = postSolution
		{53ED402F-C977-483A-93DB-5DD2F4B13C19}.Debug|Any CPU.ActiveCfg = Debug|Any CPU
		{53ED402F-C977-483A-93DB-5DD2F4B13C19}.Debug|Any CPU.Build.0 = Debug|Any CPU
		{53ED402F-C977-483A-93DB-5DD2F4B13C19}.DebugLocal|Any CPU.ActiveCfg = Debug|Any CPU
		{53ED402F-C977-483A-93DB-5DD2F4B13C19}.DebugLocal|Any CPU.Build.0 = Debug|Any CPU
		{53ED402F-C977-483A-93DB-5DD2F4B13C19}.Release|Any CPU.ActiveCfg = Release|Any CPU
		{53ED402F-C977-483A-93DB-5DD2F4B13C19}.Release|Any CPU.Build.0 = Release|Any CPU
		{1A10CC66-FFC6-4C29-A1AB-A6BE58DF64DF}.Debug|Any CPU.ActiveCfg = Debug|Any CPU
		{1A10CC66-FFC6-4C29-A1AB-A6BE58DF64DF}.Debug|Any CPU.Build.0 = Debug|Any CPU
		{1A10CC66-FFC6-4C29-A1AB-A6BE58DF64DF}.DebugLocal|Any CPU.ActiveCfg = Debug|Any CPU
		{1A10CC66-FFC6-4C29-A1AB-A6BE58DF64DF}.DebugLocal|Any CPU.Build.0 = Debug|Any CPU
		{1A10CC66-FFC6-4C29-A1AB-A6BE58DF64DF}.Release|Any CPU.ActiveCfg = Release|Any CPU
		{1A10CC66-FFC6-4C29-A1AB-A6BE58DF64DF}.Release|Any CPU.Build.0 = Release|Any CPU
		{A18901E4-7BB4-44CF-8CBE-FA640E89BB32}.Debug|Any CPU.ActiveCfg = Debug|Any CPU
		{A18901E4-7BB4-44CF-8CBE-FA640E89BB32}.Debug|Any CPU.Build.0 = Debug|Any CPU
		{A18901E4-7BB4-44CF-8CBE-FA640E89BB32}.DebugLocal|Any CPU.ActiveCfg = Debug|Any CPU
		{A18901E4-7BB4-44CF-8CBE-FA640E89BB32}.DebugLocal|Any CPU.Build.0 = Debug|Any CPU
		{A18901E4-7BB4-44CF-8CBE-FA640E89BB32}.Release|Any CPU.ActiveCfg = Release|Any CPU
		{A18901E4-7BB4-44CF-8CBE-FA640E89BB32}.Release|Any CPU.Build.0 = Release|Any CPU
		{F0797218-745D-4378-A329-BE57A21047AA}.Debug|Any CPU.ActiveCfg = Debug|Any CPU
		{F0797218-745D-4378-A329-BE57A21047AA}.Debug|Any CPU.Build.0 = Debug|Any CPU
		{F0797218-745D-4378-A329-BE57A21047AA}.DebugLocal|Any CPU.ActiveCfg = Debug|Any CPU
		{F0797218-745D-4378-A329-BE57A21047AA}.Release|Any CPU.ActiveCfg = Release|Any CPU
		{F0797218-745D-4378-A329-BE57A21047AA}.Release|Any CPU.Build.0 = Release|Any CPU
		{C669EAE0-2D5E-42DE-80CC-C0F3BBD16768}.Debug|Any CPU.ActiveCfg = Debug|Any CPU
		{C669EAE0-2D5E-42DE-80CC-C0F3BBD16768}.Debug|Any CPU.Build.0 = Debug|Any CPU
		{C669EAE0-2D5E-42DE-80CC-C0F3BBD16768}.DebugLocal|Any CPU.ActiveCfg = Debug|Any CPU
		{C669EAE0-2D5E-42DE-80CC-C0F3BBD16768}.Release|Any CPU.ActiveCfg = Release|Any CPU
		{C669EAE0-2D5E-42DE-80CC-C0F3BBD16768}.Release|Any CPU.Build.0 = Release|Any CPU
		{78AB30F9-EFBD-4B95-9DCE-20667107B1FA}.Debug|Any CPU.ActiveCfg = Debug|Any CPU
		{78AB30F9-EFBD-4B95-9DCE-20667107B1FA}.Debug|Any CPU.Build.0 = Debug|Any CPU
		{78AB30F9-EFBD-4B95-9DCE-20667107B1FA}.DebugLocal|Any CPU.ActiveCfg = Debug|Any CPU
		{78AB30F9-EFBD-4B95-9DCE-20667107B1FA}.DebugLocal|Any CPU.Build.0 = Debug|Any CPU
		{78AB30F9-EFBD-4B95-9DCE-20667107B1FA}.Release|Any CPU.ActiveCfg = Release|Any CPU
		{78AB30F9-EFBD-4B95-9DCE-20667107B1FA}.Release|Any CPU.Build.0 = Release|Any CPU
		{3E836B16-27F2-49E4-B905-5E1AD294B19F}.Debug|Any CPU.ActiveCfg = Debug|Any CPU
		{3E836B16-27F2-49E4-B905-5E1AD294B19F}.Debug|Any CPU.Build.0 = Debug|Any CPU
		{3E836B16-27F2-49E4-B905-5E1AD294B19F}.DebugLocal|Any CPU.ActiveCfg = Debug|Any CPU
		{3E836B16-27F2-49E4-B905-5E1AD294B19F}.DebugLocal|Any CPU.Build.0 = Debug|Any CPU
		{3E836B16-27F2-49E4-B905-5E1AD294B19F}.Release|Any CPU.ActiveCfg = Release|Any CPU
		{3E836B16-27F2-49E4-B905-5E1AD294B19F}.Release|Any CPU.Build.0 = Release|Any CPU
		{EA437011-8E27-4F92-89DF-E96037FA8B47}.Debug|Any CPU.ActiveCfg = Debug|Any CPU
		{EA437011-8E27-4F92-89DF-E96037FA8B47}.Debug|Any CPU.Build.0 = Debug|Any CPU
		{EA437011-8E27-4F92-89DF-E96037FA8B47}.DebugLocal|Any CPU.ActiveCfg = Debug|Any CPU
		{EA437011-8E27-4F92-89DF-E96037FA8B47}.DebugLocal|Any CPU.Build.0 = Debug|Any CPU
		{EA437011-8E27-4F92-89DF-E96037FA8B47}.Release|Any CPU.ActiveCfg = Release|Any CPU
		{EA437011-8E27-4F92-89DF-E96037FA8B47}.Release|Any CPU.Build.0 = Release|Any CPU
		{A6C70197-02A2-4577-9E05-F88B247398EE}.Debug|Any CPU.ActiveCfg = Debug|Any CPU
		{A6C70197-02A2-4577-9E05-F88B247398EE}.Debug|Any CPU.Build.0 = Debug|Any CPU
		{A6C70197-02A2-4577-9E05-F88B247398EE}.DebugLocal|Any CPU.ActiveCfg = Debug|Any CPU
		{A6C70197-02A2-4577-9E05-F88B247398EE}.Release|Any CPU.ActiveCfg = Release|Any CPU
		{A6C70197-02A2-4577-9E05-F88B247398EE}.Release|Any CPU.Build.0 = Release|Any CPU
		{E6C077F4-9762-4A93-AAD7-049E1D9872ED}.Debug|Any CPU.ActiveCfg = Debug|Any CPU
		{E6C077F4-9762-4A93-AAD7-049E1D9872ED}.Debug|Any CPU.Build.0 = Debug|Any CPU
		{E6C077F4-9762-4A93-AAD7-049E1D9872ED}.DebugLocal|Any CPU.ActiveCfg = Debug|Any CPU
		{E6C077F4-9762-4A93-AAD7-049E1D9872ED}.DebugLocal|Any CPU.Build.0 = Debug|Any CPU
		{E6C077F4-9762-4A93-AAD7-049E1D9872ED}.Release|Any CPU.ActiveCfg = Release|Any CPU
		{E6C077F4-9762-4A93-AAD7-049E1D9872ED}.Release|Any CPU.Build.0 = Release|Any CPU
		{BDA1FA7A-B0CD-40C1-B7B2-AF0616F541FB}.Debug|Any CPU.ActiveCfg = Debug
		{BDA1FA7A-B0CD-40C1-B7B2-AF0616F541FB}.Debug|Any CPU.Build.0 = Debug
		{BDA1FA7A-B0CD-40C1-B7B2-AF0616F541FB}.Debug|Any CPU.Deploy.0 = Debug
		{BDA1FA7A-B0CD-40C1-B7B2-AF0616F541FB}.DebugLocal|Any CPU.ActiveCfg = DebugLocal
		{BDA1FA7A-B0CD-40C1-B7B2-AF0616F541FB}.DebugLocal|Any CPU.Build.0 = DebugLocal
		{BDA1FA7A-B0CD-40C1-B7B2-AF0616F541FB}.DebugLocal|Any CPU.Deploy.0 = DebugLocal
		{BDA1FA7A-B0CD-40C1-B7B2-AF0616F541FB}.Release|Any CPU.ActiveCfg = Release
		{BDA1FA7A-B0CD-40C1-B7B2-AF0616F541FB}.Release|Any CPU.Build.0 = Release
		{BDA1FA7A-B0CD-40C1-B7B2-AF0616F541FB}.Release|Any CPU.Deploy.0 = Release
		{FB07F191-4A73-43DA-B570-D011C446EF19}.Debug|Any CPU.ActiveCfg = Debug|Any CPU
		{FB07F191-4A73-43DA-B570-D011C446EF19}.Debug|Any CPU.Build.0 = Debug|Any CPU
		{FB07F191-4A73-43DA-B570-D011C446EF19}.DebugLocal|Any CPU.ActiveCfg = Debug|Any CPU
		{FB07F191-4A73-43DA-B570-D011C446EF19}.DebugLocal|Any CPU.Build.0 = Debug|Any CPU
		{FB07F191-4A73-43DA-B570-D011C446EF19}.Release|Any CPU.ActiveCfg = Release|Any CPU
		{FB07F191-4A73-43DA-B570-D011C446EF19}.Release|Any CPU.Build.0 = Release|Any CPU
		{C9A38646-2536-4B19-B836-F6F2C34E22D5}.Debug|Any CPU.ActiveCfg = Debug|Any CPU
		{C9A38646-2536-4B19-B836-F6F2C34E22D5}.Debug|Any CPU.Build.0 = Debug|Any CPU
		{C9A38646-2536-4B19-B836-F6F2C34E22D5}.DebugLocal|Any CPU.ActiveCfg = Debug|Any CPU
		{C9A38646-2536-4B19-B836-F6F2C34E22D5}.DebugLocal|Any CPU.Build.0 = Debug|Any CPU
		{C9A38646-2536-4B19-B836-F6F2C34E22D5}.Release|Any CPU.ActiveCfg = Release|Any CPU
		{C9A38646-2536-4B19-B836-F6F2C34E22D5}.Release|Any CPU.Build.0 = Release|Any CPU
		{BDE4EA1F-3AD3-4460-9E03-E5AD2471A961}.Debug|Any CPU.ActiveCfg = Debug|Any CPU
		{BDE4EA1F-3AD3-4460-9E03-E5AD2471A961}.Debug|Any CPU.Build.0 = Debug|Any CPU
		{BDE4EA1F-3AD3-4460-9E03-E5AD2471A961}.DebugLocal|Any CPU.ActiveCfg = Debug|Any CPU
		{BDE4EA1F-3AD3-4460-9E03-E5AD2471A961}.DebugLocal|Any CPU.Build.0 = Debug|Any CPU
		{BDE4EA1F-3AD3-4460-9E03-E5AD2471A961}.Release|Any CPU.ActiveCfg = Release|Any CPU
		{BDE4EA1F-3AD3-4460-9E03-E5AD2471A961}.Release|Any CPU.Build.0 = Release|Any CPU
	EndGlobalSection
	GlobalSection(SolutionProperties) = preSolution
		HideSolutionNode = FALSE
	EndGlobalSection
	GlobalSection(NestedProjects) = preSolution
		{78AB30F9-EFBD-4B95-9DCE-20667107B1FA} = {7165D794-6B1E-4CE7-B447-1F20FEDA27B2}
		{3E836B16-27F2-49E4-B905-5E1AD294B19F} = {F6E6A31A-8090-4A30-A52B-997B801F798A}
		{EA437011-8E27-4F92-89DF-E96037FA8B47} = {7165D794-6B1E-4CE7-B447-1F20FEDA27B2}
		{E6C077F4-9762-4A93-AAD7-049E1D9872ED} = {78DE20CF-3F44-4183-9F4F-A19F088B9B4C}
		{BDA1FA7A-B0CD-40C1-B7B2-AF0616F541FB} = {C71B5652-561B-4349-B893-4FBE6CAFB54C}
		{FB07F191-4A73-43DA-B570-D011C446EF19} = {DCDC7995-F3C3-48AB-B01F-FD8C2D959AA9}
		{C9A38646-2536-4B19-B836-F6F2C34E22D5} = {628DB0F4-F2F9-4ECD-B02C-9AD63F63756C}
		{BDE4EA1F-3AD3-4460-9E03-E5AD2471A961} = {DCDC7995-F3C3-48AB-B01F-FD8C2D959AA9}
	EndGlobalSection
EndGlobal
