
Microsoft Visual Studio Solution File, Format Version 12.00
# Visual Studio 14
VisualStudioVersion = 14.0.25420.1
MinimumVisualStudioVersion = 10.0.40219.1
Project("{FAE04EC0-301F-11D3-BF4B-00C04F79EFBC}") = "HowToDocX", "HowToDocX\HowToDocX.csproj", "{53ED402F-C977-483A-93DB-5DD2F4B13C19}"
EndProject
Project("{FAE04EC0-301F-11D3-BF4B-00C04F79EFBC}") = "HowToExcel", "HowToExcel\HowToExcel.csproj", "{1A10CC66-FFC6-4C29-A1AB-A6BE58DF64DF}"
EndProject
Project("{FAE04EC0-301F-11D3-BF4B-00C04F79EFBC}") = "HowToAudiTrail", "HowToAudiTrail\HowToAudiTrail.csproj", "{A18901E4-7BB4-44CF-8CBE-FA640E89BB32}"
EndProject
Project("{FAE04EC0-301F-11D3-BF4B-00C04F79EFBC}") = "ConsoleApplication1", "ConsoleApplication1\ConsoleApplication1.csproj", "{F0797218-745D-4378-A329-BE57A21047AA}"
EndProject
Project("{FAE04EC0-301F-11D3-BF4B-00C04F79EFBC}") = "HowToDI", "HowToDI\HowToDI.csproj", "{C669EAE0-2D5E-42DE-80CC-C0F3BBD16768}"
EndProject
Project("{2150E333-8FDC-42A3-9474-1A3956D46DE8}") = "SignalR", "SignalR", "{7165D794-6B1E-4CE7-B447-1F20FEDA27B2}"
EndProject
Project("{FAE04EC0-301F-11D3-BF4B-00C04F79EFBC}") = "AngChat", "SignalR\AngChat\AngChat.csproj", "{78AB30F9-EFBD-4B95-9DCE-20667107B1FA}"
EndProject
Project("{2150E333-8FDC-42A3-9474-1A3956D46DE8}") = "Bootstrap", "Bootstrap", "{F6E6A31A-8090-4A30-A52B-997B801F798A}"
EndProject
Project("{FAE04EC0-301F-11D3-BF4B-00C04F79EFBC}") = "FirstClass", "Bootstrap\FirstClass\FirstClass.csproj", "{3E836B16-27F2-49E4-B905-5E1AD294B19F}"
EndProject
Project("{FAE04EC0-301F-11D3-BF4B-00C04F79EFBC}") = "ChatRoom", "SignalR\ChatRoom\ChatRoom.csproj", "{EA437011-8E27-4F92-89DF-E96037FA8B47}"
EndProject
Project("{2150E333-8FDC-42A3-9474-1A3956D46DE8}") = "Angular", "Angular", "{BD471B63-81D8-4BC1-A9A2-7C665A69688F}"
EndProject
Project("{2150E333-8FDC-42A3-9474-1A3956D46DE8}") = "CoreOne", "CoreOne", "{DCDC7995-F3C3-48AB-B01F-FD8C2D959AA9}"
EndProject
Project("{8BB2217D-0F2D-49D1-97BC-3654ED321F3B}") = "UndoRedo", "CoreOne\UndoRedo\UndoRedo.xproj", "{A6C70197-02A2-4577-9E05-F88B247398EE}"
EndProject
Project("{2150E333-8FDC-42A3-9474-1A3956D46DE8}") = "RealTime", "RealTime", "{78DE20CF-3F44-4183-9F4F-A19F088B9B4C}"
EndProject
Project("{FAE04EC0-301F-11D3-BF4B-00C04F79EFBC}") = "SignalROne", "RealTime\SignalROne\SignalROne.csproj", "{E6C077F4-9762-4A93-AAD7-049E1D9872ED}"
EndProject
Project("{2150E333-8FDC-42A3-9474-1A3956D46DE8}") = "SSRS", "SSRS", "{C71B5652-561B-4349-B893-4FBE6CAFB54C}"
EndProject
Project("{F14B399A-7131-4C87-9E4B-1186C45EF12D}") = "Tutorial1", "SSRS\Tutorial1\Tutorial1.rptproj", "{BDA1FA7A-B0CD-40C1-B7B2-AF0616F541FB}"
EndProject
Project("{8BB2217D-0F2D-49D1-97BC-3654ED321F3B}") = "PartyInvites", "CoreOne\PartyInvites\PartyInvites.xproj", "{FB07F191-4A73-43DA-B570-D011C446EF19}"
EndProject
Project("{FAE04EC0-301F-11D3-BF4B-00C04F79EFBC}") = "BuildLinks", "MVC5\BuildLinks\BuildLinks.csproj", "{C9A38646-2536-4B19-B836-F6F2C34E22D5}"
EndProject
Project("{2150E333-8FDC-42A3-9474-1A3956D46DE8}") = "MVC5", "MVC5", "{628DB0F4-F2F9-4ECD-B02C-9AD63F63756C}"
EndProject
Project("{8BB2217D-0F2D-49D1-97BC-3654ED321F3B}") = "Tam.Core.Controls", "CoreOne\Tam.Core.Controls\Tam.Core.Controls.xproj", "{BDE4EA1F-3AD3-4460-9E03-E5AD2471A961}"
EndProject
Project("{8BB2217D-0F2D-49D1-97BC-3654ED321F3B}") = "FirstWebApiCore", "CoreOne\FirstWebApiCore\FirstWebApiCore.xproj", "{E0C506B0-685A-4C34-A7D2-E5336CBF7412}"
EndProject
Project("{8BB2217D-0F2D-49D1-97BC-3654ED321F3B}") = "EmptyCore", "CoreOne\EmptyCore\EmptyCore.xproj", "{020527F5-4FEA-4999-9898-595BC105EA77}"
EndProject
Project("{8BB2217D-0F2D-49D1-97BC-3654ED321F3B}") = "PatientRecords", "CoreOne\PatientRecords\PatientRecords.xproj", "{4E20602D-C678-4E2B-91B4-F02EC5C96A49}"
EndProject
Project("{8BB2217D-0F2D-49D1-97BC-3654ED321F3B}") = "MultiClients", "CoreOne\MultiClients\MultiClients.xproj", "{E7FF636B-6B6C-412C-A2BD-A55DD4491755}"
EndProject
Project("{FAE04EC0-301F-11D3-BF4B-00C04F79EFBC}") = "AzureOne", "MVC5\AzureOne\AzureOne.csproj", "{6BAA00A1-0C01-4D79-8C20-244DF800D1C3}"
EndProject
Project("{8BB2217D-0F2D-49D1-97BC-3654ED321F3B}") = "AzureCoreOne", "CoreOne\AzureCoreOne\AzureCoreOne.xproj", "{28BEEC43-EF64-41BA-A618-95BD75002102}"
EndProject
Project("{8BB2217D-0F2D-49D1-97BC-3654ED321F3B}") = "ViewComponentLibrary", "CoreOne\ViewComponentLibrary\ViewComponentLibrary.xproj", "{1E0AA2E4-EA56-49FA-AC92-0B1237861F71}"
EndProject
Project("{8BB2217D-0F2D-49D1-97BC-3654ED321F3B}") = "Tam.Core", "CoreOne\Tam.Core\Tam.Core.xproj", "{CDFD506F-0CB4-45EF-A66B-CBFB005B068B}"
EndProject
Project("{FAE04EC0-301F-11D3-BF4B-00C04F79EFBC}") = "TestCoreOne", "CoreOne\TestCoreOne\TestCoreOne.csproj", "{2187F970-6975-453D-83DA-8F939331066A}"
EndProject
Project("{FAE04EC0-301F-11D3-BF4B-00C04F79EFBC}") = "QueueSender", "CoreOne\QueueSender\QueueSender.csproj", "{AF292703-5BC0-4502-A69C-61CC6025AD6A}"
EndProject
Project("{FAE04EC0-301F-11D3-BF4B-00C04F79EFBC}") = "QueueReceiver", "CoreOne\QueueReceiver\QueueReceiver\QueueReceiver.csproj", "{05E726DD-4BA5-4043-A7B6-7AA7D9D52DEB}"
EndProject
Project("{2150E333-8FDC-42A3-9474-1A3956D46DE8}") = "Sql", "Sql", "{1B92474C-AE84-404C-BA61-4A407D0530D4}"
	ProjectSection(SolutionItems) = preProject
		Sql\SQLQuery1.sql = Sql\SQLQuery1.sql
	EndProjectSection
EndProject
Project("{2150E333-8FDC-42A3-9474-1A3956D46DE8}") = "Full", "Full", "{D53465F9-47DD-4F2A-9175-359C2E10411F}"
EndProject
Project("{FAE04EC0-301F-11D3-BF4B-00C04F79EFBC}") = "Tam.Queue", "Full\Tam.Queue\Tam.Queue.csproj", "{7BE01924-FE5E-4EB0-BFA8-714C712D6A9E}"
EndProject
Project("{FAE04EC0-301F-11D3-BF4B-00C04F79EFBC}") = "ML", "Full\ML\ML.csproj", "{01BCB0F6-EE29-41BA-866B-A143EAB416BD}"
EndProject
Project("{8BB2217D-0F2D-49D1-97BC-3654ED321F3B}") = "ContosoUniversityCore", "CoreOne\ContosoUniversityCore\ContosoUniversityCore.xproj", "{3D17A5D3-01A2-45DA-B8AC-509CAFF76F0E}"
EndProject
Project("{8BB2217D-0F2D-49D1-97BC-3654ED321F3B}") = "MusicStore", "CoreOne\MusicStore\MusicStore.xproj", "{3CFBED5D-2ED8-49DB-96FB-BDAA748DC5A0}"
EndProject
Project("{8BB2217D-0F2D-49D1-97BC-3654ED321F3B}") = "Reactive", "CoreOne\Reactive\Reactive.xproj", "{FC66BF59-BDE3-4C6F-98F1-154104F1F484}"
EndProject
Project("{8BB2217D-0F2D-49D1-97BC-3654ED321F3B}") = "AzureCoreOne.Tests", "CoreOne\AzureCoreOne.Tests\AzureCoreOne.Tests.xproj", "{8FE7BB29-5866-4C28-B33B-5B6E3E6589FD}"
EndProject
Global
	GlobalSection(SolutionConfigurationPlatforms) = preSolution
		Debug|Any CPU = Debug|Any CPU
		DebugLocal|Any CPU = DebugLocal|Any CPU
		Release|Any CPU = Release|Any CPU
	EndGlobalSection
	GlobalSection(ProjectConfigurationPlatforms) = postSolution
		{53ED402F-C977-483A-93DB-5DD2F4B13C19}.Debug|Any CPU.ActiveCfg = Debug|Any CPU
		{53ED402F-C977-483A-93DB-5DD2F4B13C19}.Debug|Any CPU.Build.0 = Debug|Any CPU
		{53ED402F-C977-483A-93DB-5DD2F4B13C19}.DebugLocal|Any CPU.ActiveCfg = Debug|Any CPU
		{53ED402F-C977-483A-93DB-5DD2F4B13C19}.DebugLocal|Any CPU.Build.0 = Debug|Any CPU
		{53ED402F-C977-483A-93DB-5DD2F4B13C19}.Release|Any CPU.ActiveCfg = Release|Any CPU
		{53ED402F-C977-483A-93DB-5DD2F4B13C19}.Release|Any CPU.Build.0 = Release|Any CPU
		{1A10CC66-FFC6-4C29-A1AB-A6BE58DF64DF}.Debug|Any CPU.ActiveCfg = Debug|Any CPU
		{1A10CC66-FFC6-4C29-A1AB-A6BE58DF64DF}.Debug|Any CPU.Build.0 = Debug|Any CPU
		{1A10CC66-FFC6-4C29-A1AB-A6BE58DF64DF}.DebugLocal|Any CPU.ActiveCfg = Debug|Any CPU
		{1A10CC66-FFC6-4C29-A1AB-A6BE58DF64DF}.DebugLocal|Any CPU.Build.0 = Debug|Any CPU
		{1A10CC66-FFC6-4C29-A1AB-A6BE58DF64DF}.Release|Any CPU.ActiveCfg = Release|Any CPU
		{1A10CC66-FFC6-4C29-A1AB-A6BE58DF64DF}.Release|Any CPU.Build.0 = Release|Any CPU
		{A18901E4-7BB4-44CF-8CBE-FA640E89BB32}.Debug|Any CPU.ActiveCfg = Debug|Any CPU
		{A18901E4-7BB4-44CF-8CBE-FA640E89BB32}.Debug|Any CPU.Build.0 = Debug|Any CPU
		{A18901E4-7BB4-44CF-8CBE-FA640E89BB32}.DebugLocal|Any CPU.ActiveCfg = Debug|Any CPU
		{A18901E4-7BB4-44CF-8CBE-FA640E89BB32}.DebugLocal|Any CPU.Build.0 = Debug|Any CPU
		{A18901E4-7BB4-44CF-8CBE-FA640E89BB32}.Release|Any CPU.ActiveCfg = Release|Any CPU
		{A18901E4-7BB4-44CF-8CBE-FA640E89BB32}.Release|Any CPU.Build.0 = Release|Any CPU
		{F0797218-745D-4378-A329-BE57A21047AA}.Debug|Any CPU.ActiveCfg = Debug|Any CPU
		{F0797218-745D-4378-A329-BE57A21047AA}.Debug|Any CPU.Build.0 = Debug|Any CPU
		{F0797218-745D-4378-A329-BE57A21047AA}.DebugLocal|Any CPU.ActiveCfg = Debug|Any CPU
		{F0797218-745D-4378-A329-BE57A21047AA}.Release|Any CPU.ActiveCfg = Release|Any CPU
		{F0797218-745D-4378-A329-BE57A21047AA}.Release|Any CPU.Build.0 = Release|Any CPU
		{C669EAE0-2D5E-42DE-80CC-C0F3BBD16768}.Debug|Any CPU.ActiveCfg = Debug|Any CPU
		{C669EAE0-2D5E-42DE-80CC-C0F3BBD16768}.Debug|Any CPU.Build.0 = Debug|Any CPU
		{C669EAE0-2D5E-42DE-80CC-C0F3BBD16768}.DebugLocal|Any CPU.ActiveCfg = Debug|Any CPU
		{C669EAE0-2D5E-42DE-80CC-C0F3BBD16768}.Release|Any CPU.ActiveCfg = Release|Any CPU
		{C669EAE0-2D5E-42DE-80CC-C0F3BBD16768}.Release|Any CPU.Build.0 = Release|Any CPU
		{78AB30F9-EFBD-4B95-9DCE-20667107B1FA}.Debug|Any CPU.ActiveCfg = Debug|Any CPU
		{78AB30F9-EFBD-4B95-9DCE-20667107B1FA}.Debug|Any CPU.Build.0 = Debug|Any CPU
		{78AB30F9-EFBD-4B95-9DCE-20667107B1FA}.DebugLocal|Any CPU.ActiveCfg = Debug|Any CPU
		{78AB30F9-EFBD-4B95-9DCE-20667107B1FA}.DebugLocal|Any CPU.Build.0 = Debug|Any CPU
		{78AB30F9-EFBD-4B95-9DCE-20667107B1FA}.Release|Any CPU.ActiveCfg = Release|Any CPU
		{78AB30F9-EFBD-4B95-9DCE-20667107B1FA}.Release|Any CPU.Build.0 = Release|Any CPU
		{3E836B16-27F2-49E4-B905-5E1AD294B19F}.Debug|Any CPU.ActiveCfg = Debug|Any CPU
		{3E836B16-27F2-49E4-B905-5E1AD294B19F}.Debug|Any CPU.Build.0 = Debug|Any CPU
		{3E836B16-27F2-49E4-B905-5E1AD294B19F}.DebugLocal|Any CPU.ActiveCfg = Debug|Any CPU
		{3E836B16-27F2-49E4-B905-5E1AD294B19F}.DebugLocal|Any CPU.Build.0 = Debug|Any CPU
		{3E836B16-27F2-49E4-B905-5E1AD294B19F}.Release|Any CPU.ActiveCfg = Release|Any CPU
		{3E836B16-27F2-49E4-B905-5E1AD294B19F}.Release|Any CPU.Build.0 = Release|Any CPU
		{EA437011-8E27-4F92-89DF-E96037FA8B47}.Debug|Any CPU.ActiveCfg = Debug|Any CPU
		{EA437011-8E27-4F92-89DF-E96037FA8B47}.Debug|Any CPU.Build.0 = Debug|Any CPU
		{EA437011-8E27-4F92-89DF-E96037FA8B47}.DebugLocal|Any CPU.ActiveCfg = Debug|Any CPU
		{EA437011-8E27-4F92-89DF-E96037FA8B47}.DebugLocal|Any CPU.Build.0 = Debug|Any CPU
		{EA437011-8E27-4F92-89DF-E96037FA8B47}.Release|Any CPU.ActiveCfg = Release|Any CPU
		{EA437011-8E27-4F92-89DF-E96037FA8B47}.Release|Any CPU.Build.0 = Release|Any CPU
		{A6C70197-02A2-4577-9E05-F88B247398EE}.Debug|Any CPU.ActiveCfg = Debug|Any CPU
		{A6C70197-02A2-4577-9E05-F88B247398EE}.Debug|Any CPU.Build.0 = Debug|Any CPU
		{A6C70197-02A2-4577-9E05-F88B247398EE}.DebugLocal|Any CPU.ActiveCfg = Debug|Any CPU
		{A6C70197-02A2-4577-9E05-F88B247398EE}.Release|Any CPU.ActiveCfg = Release|Any CPU
		{A6C70197-02A2-4577-9E05-F88B247398EE}.Release|Any CPU.Build.0 = Release|Any CPU
		{E6C077F4-9762-4A93-AAD7-049E1D9872ED}.Debug|Any CPU.ActiveCfg = Debug|Any CPU
		{E6C077F4-9762-4A93-AAD7-049E1D9872ED}.Debug|Any CPU.Build.0 = Debug|Any CPU
		{E6C077F4-9762-4A93-AAD7-049E1D9872ED}.DebugLocal|Any CPU.ActiveCfg = Debug|Any CPU
		{E6C077F4-9762-4A93-AAD7-049E1D9872ED}.DebugLocal|Any CPU.Build.0 = Debug|Any CPU
		{E6C077F4-9762-4A93-AAD7-049E1D9872ED}.Release|Any CPU.ActiveCfg = Release|Any CPU
		{E6C077F4-9762-4A93-AAD7-049E1D9872ED}.Release|Any CPU.Build.0 = Release|Any CPU
		{BDA1FA7A-B0CD-40C1-B7B2-AF0616F541FB}.Debug|Any CPU.ActiveCfg = Debug
		{BDA1FA7A-B0CD-40C1-B7B2-AF0616F541FB}.Debug|Any CPU.Build.0 = Debug
		{BDA1FA7A-B0CD-40C1-B7B2-AF0616F541FB}.Debug|Any CPU.Deploy.0 = Debug
		{BDA1FA7A-B0CD-40C1-B7B2-AF0616F541FB}.DebugLocal|Any CPU.ActiveCfg = DebugLocal
		{BDA1FA7A-B0CD-40C1-B7B2-AF0616F541FB}.DebugLocal|Any CPU.Build.0 = DebugLocal
		{BDA1FA7A-B0CD-40C1-B7B2-AF0616F541FB}.DebugLocal|Any CPU.Deploy.0 = DebugLocal
		{BDA1FA7A-B0CD-40C1-B7B2-AF0616F541FB}.Release|Any CPU.ActiveCfg = Release
		{BDA1FA7A-B0CD-40C1-B7B2-AF0616F541FB}.Release|Any CPU.Build.0 = Release
		{BDA1FA7A-B0CD-40C1-B7B2-AF0616F541FB}.Release|Any CPU.Deploy.0 = Release
		{FB07F191-4A73-43DA-B570-D011C446EF19}.Debug|Any CPU.ActiveCfg = Debug|Any CPU
		{FB07F191-4A73-43DA-B570-D011C446EF19}.Debug|Any CPU.Build.0 = Debug|Any CPU
		{FB07F191-4A73-43DA-B570-D011C446EF19}.DebugLocal|Any CPU.ActiveCfg = Debug|Any CPU
		{FB07F191-4A73-43DA-B570-D011C446EF19}.DebugLocal|Any CPU.Build.0 = Debug|Any CPU
		{FB07F191-4A73-43DA-B570-D011C446EF19}.Release|Any CPU.ActiveCfg = Release|Any CPU
		{FB07F191-4A73-43DA-B570-D011C446EF19}.Release|Any CPU.Build.0 = Release|Any CPU
		{C9A38646-2536-4B19-B836-F6F2C34E22D5}.Debug|Any CPU.ActiveCfg = Debug|Any CPU
		{C9A38646-2536-4B19-B836-F6F2C34E22D5}.Debug|Any CPU.Build.0 = Debug|Any CPU
		{C9A38646-2536-4B19-B836-F6F2C34E22D5}.DebugLocal|Any CPU.ActiveCfg = Debug|Any CPU
		{C9A38646-2536-4B19-B836-F6F2C34E22D5}.DebugLocal|Any CPU.Build.0 = Debug|Any CPU
		{C9A38646-2536-4B19-B836-F6F2C34E22D5}.Release|Any CPU.ActiveCfg = Release|Any CPU
		{C9A38646-2536-4B19-B836-F6F2C34E22D5}.Release|Any CPU.Build.0 = Release|Any CPU
		{BDE4EA1F-3AD3-4460-9E03-E5AD2471A961}.Debug|Any CPU.ActiveCfg = Debug|Any CPU
		{BDE4EA1F-3AD3-4460-9E03-E5AD2471A961}.Debug|Any CPU.Build.0 = Debug|Any CPU
		{BDE4EA1F-3AD3-4460-9E03-E5AD2471A961}.DebugLocal|Any CPU.ActiveCfg = Debug|Any CPU
		{BDE4EA1F-3AD3-4460-9E03-E5AD2471A961}.DebugLocal|Any CPU.Build.0 = Debug|Any CPU
		{BDE4EA1F-3AD3-4460-9E03-E5AD2471A961}.Release|Any CPU.ActiveCfg = Release|Any CPU
		{BDE4EA1F-3AD3-4460-9E03-E5AD2471A961}.Release|Any CPU.Build.0 = Release|Any CPU
		{E0C506B0-685A-4C34-A7D2-E5336CBF7412}.Debug|Any CPU.ActiveCfg = Debug|Any CPU
		{E0C506B0-685A-4C34-A7D2-E5336CBF7412}.Debug|Any CPU.Build.0 = Debug|Any CPU
		{E0C506B0-685A-4C34-A7D2-E5336CBF7412}.DebugLocal|Any CPU.ActiveCfg = Debug|Any CPU
		{E0C506B0-685A-4C34-A7D2-E5336CBF7412}.DebugLocal|Any CPU.Build.0 = Debug|Any CPU
		{E0C506B0-685A-4C34-A7D2-E5336CBF7412}.Release|Any CPU.ActiveCfg = Release|Any CPU
		{E0C506B0-685A-4C34-A7D2-E5336CBF7412}.Release|Any CPU.Build.0 = Release|Any CPU
		{020527F5-4FEA-4999-9898-595BC105EA77}.Debug|Any CPU.ActiveCfg = Debug|Any CPU
		{020527F5-4FEA-4999-9898-595BC105EA77}.Debug|Any CPU.Build.0 = Debug|Any CPU
		{020527F5-4FEA-4999-9898-595BC105EA77}.DebugLocal|Any CPU.ActiveCfg = Debug|Any CPU
		{020527F5-4FEA-4999-9898-595BC105EA77}.DebugLocal|Any CPU.Build.0 = Debug|Any CPU
		{020527F5-4FEA-4999-9898-595BC105EA77}.Release|Any CPU.ActiveCfg = Release|Any CPU
		{020527F5-4FEA-4999-9898-595BC105EA77}.Release|Any CPU.Build.0 = Release|Any CPU
		{4E20602D-C678-4E2B-91B4-F02EC5C96A49}.Debug|Any CPU.ActiveCfg = Debug|Any CPU
		{4E20602D-C678-4E2B-91B4-F02EC5C96A49}.Debug|Any CPU.Build.0 = Debug|Any CPU
		{4E20602D-C678-4E2B-91B4-F02EC5C96A49}.DebugLocal|Any CPU.ActiveCfg = Debug|Any CPU
		{4E20602D-C678-4E2B-91B4-F02EC5C96A49}.DebugLocal|Any CPU.Build.0 = Debug|Any CPU
		{4E20602D-C678-4E2B-91B4-F02EC5C96A49}.Release|Any CPU.ActiveCfg = Release|Any CPU
		{4E20602D-C678-4E2B-91B4-F02EC5C96A49}.Release|Any CPU.Build.0 = Release|Any CPU
		{E7FF636B-6B6C-412C-A2BD-A55DD4491755}.Debug|Any CPU.ActiveCfg = Debug|Any CPU
		{E7FF636B-6B6C-412C-A2BD-A55DD4491755}.Debug|Any CPU.Build.0 = Debug|Any CPU
		{E7FF636B-6B6C-412C-A2BD-A55DD4491755}.DebugLocal|Any CPU.ActiveCfg = Debug|Any CPU
		{E7FF636B-6B6C-412C-A2BD-A55DD4491755}.DebugLocal|Any CPU.Build.0 = Debug|Any CPU
		{E7FF636B-6B6C-412C-A2BD-A55DD4491755}.Release|Any CPU.ActiveCfg = Release|Any CPU
		{E7FF636B-6B6C-412C-A2BD-A55DD4491755}.Release|Any CPU.Build.0 = Release|Any CPU
		{6BAA00A1-0C01-4D79-8C20-244DF800D1C3}.Debug|Any CPU.ActiveCfg = Debug|Any CPU
		{6BAA00A1-0C01-4D79-8C20-244DF800D1C3}.Debug|Any CPU.Build.0 = Debug|Any CPU
		{6BAA00A1-0C01-4D79-8C20-244DF800D1C3}.DebugLocal|Any CPU.ActiveCfg = Debug|Any CPU
		{6BAA00A1-0C01-4D79-8C20-244DF800D1C3}.DebugLocal|Any CPU.Build.0 = Debug|Any CPU
		{6BAA00A1-0C01-4D79-8C20-244DF800D1C3}.Release|Any CPU.ActiveCfg = Release|Any CPU
		{6BAA00A1-0C01-4D79-8C20-244DF800D1C3}.Release|Any CPU.Build.0 = Release|Any CPU
		{28BEEC43-EF64-41BA-A618-95BD75002102}.Debug|Any CPU.ActiveCfg = Debug|Any CPU
		{28BEEC43-EF64-41BA-A618-95BD75002102}.Debug|Any CPU.Build.0 = Debug|Any CPU
		{28BEEC43-EF64-41BA-A618-95BD75002102}.DebugLocal|Any CPU.ActiveCfg = Debug|Any CPU
		{28BEEC43-EF64-41BA-A618-95BD75002102}.DebugLocal|Any CPU.Build.0 = Debug|Any CPU
		{28BEEC43-EF64-41BA-A618-95BD75002102}.Release|Any CPU.ActiveCfg = Release|Any CPU
		{28BEEC43-EF64-41BA-A618-95BD75002102}.Release|Any CPU.Build.0 = Release|Any CPU
		{1E0AA2E4-EA56-49FA-AC92-0B1237861F71}.Debug|Any CPU.ActiveCfg = Debug|Any CPU
		{1E0AA2E4-EA56-49FA-AC92-0B1237861F71}.Debug|Any CPU.Build.0 = Debug|Any CPU
		{1E0AA2E4-EA56-49FA-AC92-0B1237861F71}.DebugLocal|Any CPU.ActiveCfg = Debug|Any CPU
		{1E0AA2E4-EA56-49FA-AC92-0B1237861F71}.DebugLocal|Any CPU.Build.0 = Debug|Any CPU
		{1E0AA2E4-EA56-49FA-AC92-0B1237861F71}.Release|Any CPU.ActiveCfg = Release|Any CPU
		{1E0AA2E4-EA56-49FA-AC92-0B1237861F71}.Release|Any CPU.Build.0 = Release|Any CPU
		{CDFD506F-0CB4-45EF-A66B-CBFB005B068B}.Debug|Any CPU.ActiveCfg = Debug|Any CPU
		{CDFD506F-0CB4-45EF-A66B-CBFB005B068B}.Debug|Any CPU.Build.0 = Debug|Any CPU
		{CDFD506F-0CB4-45EF-A66B-CBFB005B068B}.DebugLocal|Any CPU.ActiveCfg = Debug|Any CPU
		{CDFD506F-0CB4-45EF-A66B-CBFB005B068B}.DebugLocal|Any CPU.Build.0 = Debug|Any CPU
		{CDFD506F-0CB4-45EF-A66B-CBFB005B068B}.Release|Any CPU.ActiveCfg = Release|Any CPU
		{CDFD506F-0CB4-45EF-A66B-CBFB005B068B}.Release|Any CPU.Build.0 = Release|Any CPU
		{2187F970-6975-453D-83DA-8F939331066A}.Debug|Any CPU.ActiveCfg = Debug|Any CPU
		{2187F970-6975-453D-83DA-8F939331066A}.Debug|Any CPU.Build.0 = Debug|Any CPU
		{2187F970-6975-453D-83DA-8F939331066A}.DebugLocal|Any CPU.ActiveCfg = Debug|Any CPU
		{2187F970-6975-453D-83DA-8F939331066A}.DebugLocal|Any CPU.Build.0 = Debug|Any CPU
		{2187F970-6975-453D-83DA-8F939331066A}.Release|Any CPU.ActiveCfg = Release|Any CPU
		{2187F970-6975-453D-83DA-8F939331066A}.Release|Any CPU.Build.0 = Release|Any CPU
		{AF292703-5BC0-4502-A69C-61CC6025AD6A}.Debug|Any CPU.ActiveCfg = Debug|Any CPU
		{AF292703-5BC0-4502-A69C-61CC6025AD6A}.Debug|Any CPU.Build.0 = Debug|Any CPU
		{AF292703-5BC0-4502-A69C-61CC6025AD6A}.DebugLocal|Any CPU.ActiveCfg = Debug|Any CPU
		{AF292703-5BC0-4502-A69C-61CC6025AD6A}.DebugLocal|Any CPU.Build.0 = Debug|Any CPU
		{AF292703-5BC0-4502-A69C-61CC6025AD6A}.Release|Any CPU.ActiveCfg = Release|Any CPU
		{AF292703-5BC0-4502-A69C-61CC6025AD6A}.Release|Any CPU.Build.0 = Release|Any CPU
		{05E726DD-4BA5-4043-A7B6-7AA7D9D52DEB}.Debug|Any CPU.ActiveCfg = Debug|Any CPU
		{05E726DD-4BA5-4043-A7B6-7AA7D9D52DEB}.Debug|Any CPU.Build.0 = Debug|Any CPU
		{05E726DD-4BA5-4043-A7B6-7AA7D9D52DEB}.DebugLocal|Any CPU.ActiveCfg = Debug|Any CPU
		{05E726DD-4BA5-4043-A7B6-7AA7D9D52DEB}.DebugLocal|Any CPU.Build.0 = Debug|Any CPU
		{05E726DD-4BA5-4043-A7B6-7AA7D9D52DEB}.Release|Any CPU.ActiveCfg = Release|Any CPU
		{05E726DD-4BA5-4043-A7B6-7AA7D9D52DEB}.Release|Any CPU.Build.0 = Release|Any CPU
		{7BE01924-FE5E-4EB0-BFA8-714C712D6A9E}.Debug|Any CPU.ActiveCfg = Debug|Any CPU
		{7BE01924-FE5E-4EB0-BFA8-714C712D6A9E}.Debug|Any CPU.Build.0 = Debug|Any CPU
		{7BE01924-FE5E-4EB0-BFA8-714C712D6A9E}.DebugLocal|Any CPU.ActiveCfg = Debug|Any CPU
		{7BE01924-FE5E-4EB0-BFA8-714C712D6A9E}.DebugLocal|Any CPU.Build.0 = Debug|Any CPU
		{7BE01924-FE5E-4EB0-BFA8-714C712D6A9E}.Release|Any CPU.ActiveCfg = Release|Any CPU
		{7BE01924-FE5E-4EB0-BFA8-714C712D6A9E}.Release|Any CPU.Build.0 = Release|Any CPU
		{01BCB0F6-EE29-41BA-866B-A143EAB416BD}.Debug|Any CPU.ActiveCfg = Debug|Any CPU
		{01BCB0F6-EE29-41BA-866B-A143EAB416BD}.Debug|Any CPU.Build.0 = Debug|Any CPU
		{01BCB0F6-EE29-41BA-866B-A143EAB416BD}.DebugLocal|Any CPU.ActiveCfg = Debug|Any CPU
		{01BCB0F6-EE29-41BA-866B-A143EAB416BD}.DebugLocal|Any CPU.Build.0 = Debug|Any CPU
		{01BCB0F6-EE29-41BA-866B-A143EAB416BD}.Release|Any CPU.ActiveCfg = Release|Any CPU
		{01BCB0F6-EE29-41BA-866B-A143EAB416BD}.Release|Any CPU.Build.0 = Release|Any CPU
		{3D17A5D3-01A2-45DA-B8AC-509CAFF76F0E}.Debug|Any CPU.ActiveCfg = Debug|Any CPU
		{3D17A5D3-01A2-45DA-B8AC-509CAFF76F0E}.Debug|Any CPU.Build.0 = Debug|Any CPU
		{3D17A5D3-01A2-45DA-B8AC-509CAFF76F0E}.DebugLocal|Any CPU.ActiveCfg = Debug|Any CPU
		{3D17A5D3-01A2-45DA-B8AC-509CAFF76F0E}.DebugLocal|Any CPU.Build.0 = Debug|Any CPU
		{3D17A5D3-01A2-45DA-B8AC-509CAFF76F0E}.Release|Any CPU.ActiveCfg = Release|Any CPU
		{3D17A5D3-01A2-45DA-B8AC-509CAFF76F0E}.Release|Any CPU.Build.0 = Release|Any CPU
		{3CFBED5D-2ED8-49DB-96FB-BDAA748DC5A0}.Debug|Any CPU.ActiveCfg = Debug|Any CPU
		{3CFBED5D-2ED8-49DB-96FB-BDAA748DC5A0}.Debug|Any CPU.Build.0 = Debug|Any CPU
		{3CFBED5D-2ED8-49DB-96FB-BDAA748DC5A0}.DebugLocal|Any CPU.ActiveCfg = Debug|Any CPU
		{3CFBED5D-2ED8-49DB-96FB-BDAA748DC5A0}.DebugLocal|Any CPU.Build.0 = Debug|Any CPU
		{3CFBED5D-2ED8-49DB-96FB-BDAA748DC5A0}.Release|Any CPU.ActiveCfg = Release|Any CPU
		{3CFBED5D-2ED8-49DB-96FB-BDAA748DC5A0}.Release|Any CPU.Build.0 = Release|Any CPU
		{FC66BF59-BDE3-4C6F-98F1-154104F1F484}.Debug|Any CPU.ActiveCfg = Debug|Any CPU
		{FC66BF59-BDE3-4C6F-98F1-154104F1F484}.Debug|Any CPU.Build.0 = Debug|Any CPU
		{FC66BF59-BDE3-4C6F-98F1-154104F1F484}.DebugLocal|Any CPU.ActiveCfg = Debug|Any CPU
		{FC66BF59-BDE3-4C6F-98F1-154104F1F484}.DebugLocal|Any CPU.Build.0 = Debug|Any CPU
		{FC66BF59-BDE3-4C6F-98F1-154104F1F484}.Release|Any CPU.ActiveCfg = Release|Any CPU
		{FC66BF59-BDE3-4C6F-98F1-154104F1F484}.Release|Any CPU.Build.0 = Release|Any CPU
		{8FE7BB29-5866-4C28-B33B-5B6E3E6589FD}.Debug|Any CPU.ActiveCfg = Debug|Any CPU
		{8FE7BB29-5866-4C28-B33B-5B6E3E6589FD}.Debug|Any CPU.Build.0 = Debug|Any CPU
		{8FE7BB29-5866-4C28-B33B-5B6E3E6589FD}.DebugLocal|Any CPU.ActiveCfg = Debug|Any CPU
		{8FE7BB29-5866-4C28-B33B-5B6E3E6589FD}.DebugLocal|Any CPU.Build.0 = Debug|Any CPU
		{8FE7BB29-5866-4C28-B33B-5B6E3E6589FD}.Release|Any CPU.ActiveCfg = Release|Any CPU
		{8FE7BB29-5866-4C28-B33B-5B6E3E6589FD}.Release|Any CPU.Build.0 = Release|Any CPU
	EndGlobalSection
	GlobalSection(SolutionProperties) = preSolution
		HideSolutionNode = FALSE
	EndGlobalSection
	GlobalSection(NestedProjects) = preSolution
		{78AB30F9-EFBD-4B95-9DCE-20667107B1FA} = {7165D794-6B1E-4CE7-B447-1F20FEDA27B2}
		{3E836B16-27F2-49E4-B905-5E1AD294B19F} = {F6E6A31A-8090-4A30-A52B-997B801F798A}
		{EA437011-8E27-4F92-89DF-E96037FA8B47} = {7165D794-6B1E-4CE7-B447-1F20FEDA27B2}
		{E6C077F4-9762-4A93-AAD7-049E1D9872ED} = {78DE20CF-3F44-4183-9F4F-A19F088B9B4C}
		{BDA1FA7A-B0CD-40C1-B7B2-AF0616F541FB} = {C71B5652-561B-4349-B893-4FBE6CAFB54C}
		{FB07F191-4A73-43DA-B570-D011C446EF19} = {DCDC7995-F3C3-48AB-B01F-FD8C2D959AA9}
		{C9A38646-2536-4B19-B836-F6F2C34E22D5} = {628DB0F4-F2F9-4ECD-B02C-9AD63F63756C}
		{BDE4EA1F-3AD3-4460-9E03-E5AD2471A961} = {DCDC7995-F3C3-48AB-B01F-FD8C2D959AA9}
		{E0C506B0-685A-4C34-A7D2-E5336CBF7412} = {DCDC7995-F3C3-48AB-B01F-FD8C2D959AA9}
		{020527F5-4FEA-4999-9898-595BC105EA77} = {DCDC7995-F3C3-48AB-B01F-FD8C2D959AA9}
		{4E20602D-C678-4E2B-91B4-F02EC5C96A49} = {DCDC7995-F3C3-48AB-B01F-FD8C2D959AA9}
		{E7FF636B-6B6C-412C-A2BD-A55DD4491755} = {DCDC7995-F3C3-48AB-B01F-FD8C2D959AA9}
		{6BAA00A1-0C01-4D79-8C20-244DF800D1C3} = {628DB0F4-F2F9-4ECD-B02C-9AD63F63756C}
		{28BEEC43-EF64-41BA-A618-95BD75002102} = {DCDC7995-F3C3-48AB-B01F-FD8C2D959AA9}
		{1E0AA2E4-EA56-49FA-AC92-0B1237861F71} = {DCDC7995-F3C3-48AB-B01F-FD8C2D959AA9}
		{CDFD506F-0CB4-45EF-A66B-CBFB005B068B} = {DCDC7995-F3C3-48AB-B01F-FD8C2D959AA9}
		{2187F970-6975-453D-83DA-8F939331066A} = {DCDC7995-F3C3-48AB-B01F-FD8C2D959AA9}
		{AF292703-5BC0-4502-A69C-61CC6025AD6A} = {DCDC7995-F3C3-48AB-B01F-FD8C2D959AA9}
		{05E726DD-4BA5-4043-A7B6-7AA7D9D52DEB} = {DCDC7995-F3C3-48AB-B01F-FD8C2D959AA9}
		{7BE01924-FE5E-4EB0-BFA8-714C712D6A9E} = {D53465F9-47DD-4F2A-9175-359C2E10411F}
		{01BCB0F6-EE29-41BA-866B-A143EAB416BD} = {D53465F9-47DD-4F2A-9175-359C2E10411F}
		{3D17A5D3-01A2-45DA-B8AC-509CAFF76F0E} = {DCDC7995-F3C3-48AB-B01F-FD8C2D959AA9}
		{3CFBED5D-2ED8-49DB-96FB-BDAA748DC5A0} = {DCDC7995-F3C3-48AB-B01F-FD8C2D959AA9}
		{FC66BF59-BDE3-4C6F-98F1-154104F1F484} = {DCDC7995-F3C3-48AB-B01F-FD8C2D959AA9}
		{8FE7BB29-5866-4C28-B33B-5B6E3E6589FD} = {DCDC7995-F3C3-48AB-B01F-FD8C2D959AA9}
	EndGlobalSection
EndGlobal
